
Microsoft Visual Studio Solution File, Format Version 12.00
# Visual Studio Version 16
VisualStudioVersion = 16.0.31424.327
MinimumVisualStudioVersion = 10.0.40219.1
Project("{FAE04EC0-301F-11D3-BF4B-00C04F79EFBC}") = "Threads_App", "Threads_App\Threads_App.csproj", "{4C974022-E3E7-4FF0-86A6-8D84AF4E3578}"
EndProject
Project("{FAE04EC0-301F-11D3-BF4B-00C04F79EFBC}") = "Matrix_App", "Matrix_App\Matrix_App.csproj", "{31039C8B-333C-465E-B3E9-3EA4FB5553C7}"
EndProject
Project("{FAE04EC0-301F-11D3-BF4B-00C04F79EFBC}") = "test", "test\test.csproj", "{40E8AFB8-897A-480B-9065-B2E5CD435709}"
EndProject
Global
	GlobalSection(SolutionConfigurationPlatforms) = preSolution
		Debug|Any CPU = Debug|Any CPU
		Release|Any CPU = Release|Any CPU
	EndGlobalSection
	GlobalSection(ProjectConfigurationPlatforms) = postSolution
		{4C974022-E3E7-4FF0-86A6-8D84AF4E3578}.Debug|Any CPU.ActiveCfg = Debug|Any CPU
		{4C974022-E3E7-4FF0-86A6-8D84AF4E3578}.Debug|Any CPU.Build.0 = Debug|Any CPU
		{4C974022-E3E7-4FF0-86A6-8D84AF4E3578}.Release|Any CPU.ActiveCfg = Release|Any CPU
		{4C974022-E3E7-4FF0-86A6-8D84AF4E3578}.Release|Any CPU.Build.0 = Release|Any CPU
		{31039C8B-333C-465E-B3E9-3EA4FB5553C7}.Debug|Any CPU.ActiveCfg = Debug|Any CPU
		{31039C8B-333C-465E-B3E9-3EA4FB5553C7}.Debug|Any CPU.Build.0 = Debug|Any CPU
		{31039C8B-333C-465E-B3E9-3EA4FB5553C7}.Release|Any CPU.ActiveCfg = Release|Any CPU
		{31039C8B-333C-465E-B3E9-3EA4FB5553C7}.Release|Any CPU.Build.0 = Release|Any CPU
		{40E8AFB8-897A-480B-9065-B2E5CD435709}.Debug|Any CPU.ActiveCfg = Debug|Any CPU
		{40E8AFB8-897A-480B-9065-B2E5CD435709}.Debug|Any CPU.Build.0 = Debug|Any CPU
		{40E8AFB8-897A-480B-9065-B2E5CD435709}.Release|Any CPU.ActiveCfg = Release|Any CPU
		{40E8AFB8-897A-480B-9065-B2E5CD435709}.Release|Any CPU.Build.0 = Release|Any CPU
	EndGlobalSection
	GlobalSection(SolutionProperties) = preSolution
		HideSolutionNode = FALSE
	EndGlobalSection
	GlobalSection(ExtensibilityGlobals) = postSolution
		SolutionGuid = {5F895AFC-5832-4587-936F-00CE731704E3}
	EndGlobalSection
EndGlobal
